
Microsoft Visual Studio Solution File, Format Version 12.00
# Visual Studio Version 16
VisualStudioVersion = 16.0.32510.428
MinimumVisualStudioVersion = 10.0.40219.1
Project("{FAE04EC0-301F-11D3-BF4B-00C04F79EFBC}") = "CustomerManagementSystem", "CustomerManagementSystem.csproj", "{05588174-1E0A-4EB9-9847-4191A74D6C2A}"
EndProject
Project("{FAE04EC0-301F-11D3-BF4B-00C04F79EFBC}") = "CustomerManagementSystem.DataAccess", "..\CustomerManagementSystem.DataAccess\CustomerManagementSystem.DataAccess.csproj", "{E98E293A-A945-4325-911A-AD5868F3941F}"
EndProject
Project("{FAE04EC0-301F-11D3-BF4B-00C04F79EFBC}") = "CustomerManagementSystem.BusinessLogic", "..\CustomerManagementSystem.BusinessLogic\CustomerManagementSystem.BusinessLogic.csproj", "{C8379C0C-06F1-48F1-AFEE-7C60BB28BE58}"
EndProject
Global
	GlobalSection(SolutionConfigurationPlatforms) = preSolution
		Debug|Any CPU = Debug|Any CPU
		Release|Any CPU = Release|Any CPU
	EndGlobalSection
	GlobalSection(ProjectConfigurationPlatforms) = postSolution
		{05588174-1E0A-4EB9-9847-4191A74D6C2A}.Debug|Any CPU.ActiveCfg = Debug|Any CPU
		{05588174-1E0A-4EB9-9847-4191A74D6C2A}.Debug|Any CPU.Build.0 = Debug|Any CPU
		{05588174-1E0A-4EB9-9847-4191A74D6C2A}.Release|Any CPU.ActiveCfg = Release|Any CPU
		{05588174-1E0A-4EB9-9847-4191A74D6C2A}.Release|Any CPU.Build.0 = Release|Any CPU
		{E98E293A-A945-4325-911A-AD5868F3941F}.Debug|Any CPU.ActiveCfg = Debug|Any CPU
		{E98E293A-A945-4325-911A-AD5868F3941F}.Debug|Any CPU.Build.0 = Debug|Any CPU
		{E98E293A-A945-4325-911A-AD5868F3941F}.Release|Any CPU.ActiveCfg = Release|Any CPU
		{E98E293A-A945-4325-911A-AD5868F3941F}.Release|Any CPU.Build.0 = Release|Any CPU
		{C8379C0C-06F1-48F1-AFEE-7C60BB28BE58}.Debug|Any CPU.ActiveCfg = Debug|Any CPU
		{C8379C0C-06F1-48F1-AFEE-7C60BB28BE58}.Debug|Any CPU.Build.0 = Debug|Any CPU
		{C8379C0C-06F1-48F1-AFEE-7C60BB28BE58}.Release|Any CPU.ActiveCfg = Release|Any CPU
		{C8379C0C-06F1-48F1-AFEE-7C60BB28BE58}.Release|Any CPU.Build.0 = Release|Any CPU
	EndGlobalSection
	GlobalSection(SolutionProperties) = preSolution
		HideSolutionNode = FALSE
	EndGlobalSection
	GlobalSection(ExtensibilityGlobals) = postSolution
		SolutionGuid = {8FD9D61A-675F-4F61-8B9D-3666ABF2F10D}
	EndGlobalSection
EndGlobal
